# generated by rye
# use `rye lock` or `rye sync` to update this lockfile
#
# last locked with the following flags:
#   pre: false
#   features: []
#   all-features: false
#   with-sources: false
#   generate-hashes: false
#   universal: false

-e file:.
annotated-types==0.7.0
    # via pydantic
anyio==4.6.0
    # via httpx
    # via openai
certifi==2024.8.30
    # via httpcore
    # via httpx
    # via requests
cfgv==3.4.0
    # via pre-commit
charset-normalizer==3.3.2
    # via requests
click==8.1.7
    # via docs-to-md
colorama==0.4.6
    # via click
    # via pytest
    # via tqdm
distlib==0.3.8
    # via virtualenv
distro==1.9.0
    # via openai
filelock==3.16.1
    # via virtualenv
h11==0.14.0
    # via httpcore
httpcore==1.0.5
    # via httpx
httpx==0.27.2
    # via docs-to-md
    # via openai
identify==2.6.1
    # via pre-commit
idna==3.10
    # via anyio
    # via httpx
    # via requests
iniconfig==2.0.0
    # via pytest
jiter==0.5.0
    # via openai
lxml==5.3.0
    # via docs-to-md
nodeenv==1.9.1
    # via pre-commit
openai==1.50.0
    # via docs-to-md
packaging==24.1
    # via pytest
platformdirs==4.3.6
    # via virtualenv
pluggy==1.5.0
    # via pytest
pre-commit==3.8.0
pydantic==2.9.2
    # via openai
pydantic-core==2.23.4
    # via pydantic
pytest==8.3.3
    # via pytest-asyncio
pytest-asyncio==0.24.0
pyyaml==6.0.2
    # via pre-commit
requests==2.32.3
    # via docs-to-md
setuptools==75.1.0
    # via docs-to-md
sniffio==1.3.1
    # via anyio
    # via httpx
    # via openai
tqdm==4.66.5
    # via docs-to-md
    # via openai
typing-extensions==4.12.2
    # via openai
    # via pydantic
    # via pydantic-core
urllib3==2.2.3
    # via requests
virtualenv==20.26.5
    # via pre-commit
