# generated by rye
# use `rye lock` or `rye sync` to update this lockfile
#
# last locked with the following flags:
#   pre: false
#   features: []
#   all-features: false
#   with-sources: false
#   generate-hashes: false
#   universal: false

-e file:.
annotated-types==0.7.0
    # via pydantic
anyio==4.6.0
    # via httpx
    # via openai
certifi==2024.8.30
    # via httpcore
    # via httpx
    # via requests
charset-normalizer==3.3.2
    # via requests
click==8.1.7
    # via docs-to-md
colorama==0.4.6
    # via click
    # via tqdm
distro==1.9.0
    # via openai
h11==0.14.0
    # via httpcore
httpcore==1.0.5
    # via httpx
httpx==0.27.2
    # via docs-to-md
    # via openai
idna==3.10
    # via anyio
    # via httpx
    # via requests
jiter==0.5.0
    # via openai
lxml==5.3.0
    # via docs-to-md
openai==1.50.0
    # via docs-to-md
pydantic==2.9.2
    # via openai
pydantic-core==2.23.4
    # via pydantic
requests==2.32.3
    # via docs-to-md
setuptools==75.1.0
    # via docs-to-md
sniffio==1.3.1
    # via anyio
    # via httpx
    # via openai
tqdm==4.66.5
    # via docs-to-md
    # via openai
typing-extensions==4.12.2
    # via openai
    # via pydantic
    # via pydantic-core
urllib3==2.2.3
    # via requests
